
Microsoft Visual Studio Solution File, Format Version 11.00
# Visual Studio 2010
Project("{FAE04EC0-301F-11D3-BF4B-00C04F79EFBC}") = "Encryptor", "Encryptor\Encryptor.csproj", "{70CF7088-1D68-41E7-B868-2F145429F387}"
	ProjectSection(ProjectDependencies) = postProject
		{363C4B12-5C7B-4E3B-8009-64B97D105B37} = {363C4B12-5C7B-4E3B-8009-64B97D105B37}
	EndProjectSection
EndProject
Project("{FAE04EC0-301F-11D3-BF4B-00C04F79EFBC}") = "CipherLib", "CipherLib\CipherLib.csproj", "{363C4B12-5C7B-4E3B-8009-64B97D105B37}"
EndProject
Global
	GlobalSection(SolutionConfigurationPlatforms) = preSolution
		Debug|Any CPU = Debug|Any CPU
		Release|Any CPU = Release|Any CPU
	EndGlobalSection
	GlobalSection(ProjectConfigurationPlatforms) = postSolution
		{70CF7088-1D68-41E7-B868-2F145429F387}.Debug|Any CPU.ActiveCfg = Debug|Any CPU
		{70CF7088-1D68-41E7-B868-2F145429F387}.Debug|Any CPU.Build.0 = Debug|Any CPU
		{70CF7088-1D68-41E7-B868-2F145429F387}.Release|Any CPU.ActiveCfg = Release|Any CPU
		{70CF7088-1D68-41E7-B868-2F145429F387}.Release|Any CPU.Build.0 = Release|Any CPU
		{363C4B12-5C7B-4E3B-8009-64B97D105B37}.Debug|Any CPU.ActiveCfg = Debug|Any CPU
		{363C4B12-5C7B-4E3B-8009-64B97D105B37}.Debug|Any CPU.Build.0 = Debug|Any CPU
		{363C4B12-5C7B-4E3B-8009-64B97D105B37}.Release|Any CPU.ActiveCfg = Release|Any CPU
		{363C4B12-5C7B-4E3B-8009-64B97D105B37}.Release|Any CPU.Build.0 = Release|Any CPU
	EndGlobalSection
	GlobalSection(SolutionProperties) = preSolution
		HideSolutionNode = FALSE
	EndGlobalSection
EndGlobal
